
Microsoft Visual Studio Solution File, Format Version 12.00
# Visual Studio Version 17
VisualStudioVersion = 17.6.33815.320
MinimumVisualStudioVersion = 10.0.40219.1
Project("{9A19103F-16F7-4668-BE54-9A1E7A4F7556}") = "WpfApp1", "WpfApp1\WpfApp1.csproj", "{607446D2-724B-4F06-A587-1182C59EBF40}"
EndProject
Global
	GlobalSection(SolutionConfigurationPlatforms) = preSolution
		Debug|Any CPU = Debug|Any CPU
		Release|Any CPU = Release|Any CPU
	EndGlobalSection
	GlobalSection(ProjectConfigurationPlatforms) = postSolution
		{607446D2-724B-4F06-A587-1182C59EBF40}.Debug|Any CPU.ActiveCfg = Debug|Any CPU
		{607446D2-724B-4F06-A587-1182C59EBF40}.Debug|Any CPU.Build.0 = Debug|Any CPU
		{607446D2-724B-4F06-A587-1182C59EBF40}.Release|Any CPU.ActiveCfg = Release|Any CPU
		{607446D2-724B-4F06-A587-1182C59EBF40}.Release|Any CPU.Build.0 = Release|Any CPU
	EndGlobalSection
	GlobalSection(SolutionProperties) = preSolution
		HideSolutionNode = FALSE
	EndGlobalSection
	GlobalSection(ExtensibilityGlobals) = postSolution
		SolutionGuid = {BE4D711A-BC7C-42FF-8772-BA37CB963162}
	EndGlobalSection
EndGlobal
